
Microsoft Visual Studio Solution File, Format Version 12.00
# Visual Studio 14
VisualStudioVersion = 14.0.25420.1
MinimumVisualStudioVersion = 10.0.40219.1
Project("{FAE04EC0-301F-11D3-BF4B-00C04F79EFBC}") = "Course.WEB", "CourseDB\Course.WEB.csproj", "{1623ECC6-3F27-4EBA-A16C-CBC39D0E8618}"
EndProject
Project("{FAE04EC0-301F-11D3-BF4B-00C04F79EFBC}") = "Course.DAL", "Course.DAL\Course.DAL.csproj", "{11BF359E-1E8B-4BFF-B48E-E522A061F75C}"
EndProject
Project("{FAE04EC0-301F-11D3-BF4B-00C04F79EFBC}") = "Course.BLL", "Course.BLL\Course.BLL.csproj", "{7526E3EB-17C8-4B92-93E6-8038A1FF8FA9}"
EndProject
Global
	GlobalSection(SolutionConfigurationPlatforms) = preSolution
		Debug|Any CPU = Debug|Any CPU
		Release|Any CPU = Release|Any CPU
	EndGlobalSection
	GlobalSection(ProjectConfigurationPlatforms) = postSolution
		{1623ECC6-3F27-4EBA-A16C-CBC39D0E8618}.Debug|Any CPU.ActiveCfg = Debug|Any CPU
		{1623ECC6-3F27-4EBA-A16C-CBC39D0E8618}.Debug|Any CPU.Build.0 = Debug|Any CPU
		{1623ECC6-3F27-4EBA-A16C-CBC39D0E8618}.Release|Any CPU.ActiveCfg = Release|Any CPU
		{1623ECC6-3F27-4EBA-A16C-CBC39D0E8618}.Release|Any CPU.Build.0 = Release|Any CPU
		{11BF359E-1E8B-4BFF-B48E-E522A061F75C}.Debug|Any CPU.ActiveCfg = Debug|Any CPU
		{11BF359E-1E8B-4BFF-B48E-E522A061F75C}.Debug|Any CPU.Build.0 = Debug|Any CPU
		{11BF359E-1E8B-4BFF-B48E-E522A061F75C}.Release|Any CPU.ActiveCfg = Release|Any CPU
		{11BF359E-1E8B-4BFF-B48E-E522A061F75C}.Release|Any CPU.Build.0 = Release|Any CPU
		{7526E3EB-17C8-4B92-93E6-8038A1FF8FA9}.Debug|Any CPU.ActiveCfg = Debug|Any CPU
		{7526E3EB-17C8-4B92-93E6-8038A1FF8FA9}.Debug|Any CPU.Build.0 = Debug|Any CPU
		{7526E3EB-17C8-4B92-93E6-8038A1FF8FA9}.Release|Any CPU.ActiveCfg = Release|Any CPU
		{7526E3EB-17C8-4B92-93E6-8038A1FF8FA9}.Release|Any CPU.Build.0 = Release|Any CPU
	EndGlobalSection
	GlobalSection(SolutionProperties) = preSolution
		HideSolutionNode = FALSE
	EndGlobalSection
EndGlobal
